
Microsoft Visual Studio Solution File, Format Version 12.00
# Visual Studio Version 16
VisualStudioVersion = 16.0.29509.3
MinimumVisualStudioVersion = 10.0.40219.1
Project("{8BC9CEB8-8B4A-11D0-8D11-00A0C91BC942}") = "RingList", "RingList\RingList.vcxproj", "{6B7F5079-9F85-415D-BC1F-7F6D1D064016}"
EndProject
Global
	GlobalSection(SolutionConfigurationPlatforms) = preSolution
		Debug|x64 = Debug|x64
		Debug|x86 = Debug|x86
		Release|x64 = Release|x64
		Release|x86 = Release|x86
	EndGlobalSection
	GlobalSection(ProjectConfigurationPlatforms) = postSolution
		{6B7F5079-9F85-415D-BC1F-7F6D1D064016}.Debug|x64.ActiveCfg = Debug|x64
		{6B7F5079-9F85-415D-BC1F-7F6D1D064016}.Debug|x64.Build.0 = Debug|x64
		{6B7F5079-9F85-415D-BC1F-7F6D1D064016}.Debug|x86.ActiveCfg = Debug|Win32
		{6B7F5079-9F85-415D-BC1F-7F6D1D064016}.Debug|x86.Build.0 = Debug|Win32
		{6B7F5079-9F85-415D-BC1F-7F6D1D064016}.Release|x64.ActiveCfg = Release|x64
		{6B7F5079-9F85-415D-BC1F-7F6D1D064016}.Release|x64.Build.0 = Release|x64
		{6B7F5079-9F85-415D-BC1F-7F6D1D064016}.Release|x86.ActiveCfg = Release|Win32
		{6B7F5079-9F85-415D-BC1F-7F6D1D064016}.Release|x86.Build.0 = Release|Win32
	EndGlobalSection
	GlobalSection(SolutionProperties) = preSolution
		HideSolutionNode = FALSE
	EndGlobalSection
	GlobalSection(ExtensibilityGlobals) = postSolution
		SolutionGuid = {0C8261C7-F9B9-44E2-AB99-FBBD1C02777D}
	EndGlobalSection
EndGlobal
